
Microsoft Visual Studio Solution File, Format Version 12.00
# Visual Studio Version 17
VisualStudioVersion = 17.9.34714.143
MinimumVisualStudioVersion = 10.0.40219.1
Project("{FAE04EC0-301F-11D3-BF4B-00C04F79EFBC}") = "PokedexAPI", "PokedexAPI.csproj", "{84BB49F5-DC99-4C1E-BC31-C4DE7F73D0DF}"
EndProject
Global
	GlobalSection(SolutionConfigurationPlatforms) = preSolution
		Debug|Any CPU = Debug|Any CPU
		Release|Any CPU = Release|Any CPU
	EndGlobalSection
	GlobalSection(ProjectConfigurationPlatforms) = postSolution
		{84BB49F5-DC99-4C1E-BC31-C4DE7F73D0DF}.Debug|Any CPU.ActiveCfg = Debug|Any CPU
		{84BB49F5-DC99-4C1E-BC31-C4DE7F73D0DF}.Debug|Any CPU.Build.0 = Debug|Any CPU
		{84BB49F5-DC99-4C1E-BC31-C4DE7F73D0DF}.Release|Any CPU.ActiveCfg = Release|Any CPU
		{84BB49F5-DC99-4C1E-BC31-C4DE7F73D0DF}.Release|Any CPU.Build.0 = Release|Any CPU
	EndGlobalSection
	GlobalSection(SolutionProperties) = preSolution
		HideSolutionNode = FALSE
	EndGlobalSection
	GlobalSection(ExtensibilityGlobals) = postSolution
		SolutionGuid = {F7231207-1ACB-4D31-8A34-499E710603BD}
	EndGlobalSection
EndGlobal
